
Microsoft Visual Studio Solution File, Format Version 12.00
# Visual Studio Version 16
VisualStudioVersion = 16.0.30517.126
MinimumVisualStudioVersion = 10.0.40219.1
Project("{FAE04EC0-301F-11D3-BF4B-00C04F79EFBC}") = "xamarinforms_tehtava.Android", "xamarinforms_tehtava\xamarinforms_tehtava.Android\xamarinforms_tehtava.Android.csproj", "{84C2320B-FE11-4C05-B2E4-08F660404012}"
EndProject
Project("{FAE04EC0-301F-11D3-BF4B-00C04F79EFBC}") = "xamarinforms_tehtava.iOS", "xamarinforms_tehtava\xamarinforms_tehtava.iOS\xamarinforms_tehtava.iOS.csproj", "{4E3792E0-0DA3-418C-9E63-7D528CF93D6A}"
EndProject
Project("{FAE04EC0-301F-11D3-BF4B-00C04F79EFBC}") = "xamarinforms_tehtava", "xamarinforms_tehtava\xamarinforms_tehtava\xamarinforms_tehtava.csproj", "{EF33B176-5ABB-479F-BBF7-EE1B99618155}"
EndProject
Global
	GlobalSection(SolutionConfigurationPlatforms) = preSolution
		Debug|Any CPU = Debug|Any CPU
		Debug|iPhone = Debug|iPhone
		Debug|iPhoneSimulator = Debug|iPhoneSimulator
		Release|Any CPU = Release|Any CPU
		Release|iPhone = Release|iPhone
		Release|iPhoneSimulator = Release|iPhoneSimulator
	EndGlobalSection
	GlobalSection(ProjectConfigurationPlatforms) = postSolution
		{84C2320B-FE11-4C05-B2E4-08F660404012}.Debug|Any CPU.ActiveCfg = Debug|Any CPU
		{84C2320B-FE11-4C05-B2E4-08F660404012}.Debug|Any CPU.Build.0 = Debug|Any CPU
		{84C2320B-FE11-4C05-B2E4-08F660404012}.Debug|Any CPU.Deploy.0 = Debug|Any CPU
		{84C2320B-FE11-4C05-B2E4-08F660404012}.Debug|iPhone.ActiveCfg = Debug|Any CPU
		{84C2320B-FE11-4C05-B2E4-08F660404012}.Debug|iPhone.Build.0 = Debug|Any CPU
		{84C2320B-FE11-4C05-B2E4-08F660404012}.Debug|iPhone.Deploy.0 = Debug|Any CPU
		{84C2320B-FE11-4C05-B2E4-08F660404012}.Debug|iPhoneSimulator.ActiveCfg = Debug|Any CPU
		{84C2320B-FE11-4C05-B2E4-08F660404012}.Debug|iPhoneSimulator.Build.0 = Debug|Any CPU
		{84C2320B-FE11-4C05-B2E4-08F660404012}.Debug|iPhoneSimulator.Deploy.0 = Debug|Any CPU
		{84C2320B-FE11-4C05-B2E4-08F660404012}.Release|Any CPU.ActiveCfg = Release|Any CPU
		{84C2320B-FE11-4C05-B2E4-08F660404012}.Release|Any CPU.Build.0 = Release|Any CPU
		{84C2320B-FE11-4C05-B2E4-08F660404012}.Release|Any CPU.Deploy.0 = Release|Any CPU
		{84C2320B-FE11-4C05-B2E4-08F660404012}.Release|iPhone.ActiveCfg = Release|Any CPU
		{84C2320B-FE11-4C05-B2E4-08F660404012}.Release|iPhone.Build.0 = Release|Any CPU
		{84C2320B-FE11-4C05-B2E4-08F660404012}.Release|iPhone.Deploy.0 = Release|Any CPU
		{84C2320B-FE11-4C05-B2E4-08F660404012}.Release|iPhoneSimulator.ActiveCfg = Release|Any CPU
		{84C2320B-FE11-4C05-B2E4-08F660404012}.Release|iPhoneSimulator.Build.0 = Release|Any CPU
		{84C2320B-FE11-4C05-B2E4-08F660404012}.Release|iPhoneSimulator.Deploy.0 = Release|Any CPU
		{4E3792E0-0DA3-418C-9E63-7D528CF93D6A}.Debug|Any CPU.ActiveCfg = Debug|iPhone
		{4E3792E0-0DA3-418C-9E63-7D528CF93D6A}.Debug|Any CPU.Build.0 = Debug|iPhone
		{4E3792E0-0DA3-418C-9E63-7D528CF93D6A}.Debug|Any CPU.Deploy.0 = Debug|iPhone
		{4E3792E0-0DA3-418C-9E63-7D528CF93D6A}.Debug|iPhone.ActiveCfg = Debug|iPhone
		{4E3792E0-0DA3-418C-9E63-7D528CF93D6A}.Debug|iPhone.Build.0 = Debug|iPhone
		{4E3792E0-0DA3-418C-9E63-7D528CF93D6A}.Debug|iPhone.Deploy.0 = Debug|iPhone
		{4E3792E0-0DA3-418C-9E63-7D528CF93D6A}.Debug|iPhoneSimulator.ActiveCfg = Debug|iPhoneSimulator
		{4E3792E0-0DA3-418C-9E63-7D528CF93D6A}.Debug|iPhoneSimulator.Build.0 = Debug|iPhoneSimulator
		{4E3792E0-0DA3-418C-9E63-7D528CF93D6A}.Debug|iPhoneSimulator.Deploy.0 = Debug|iPhoneSimulator
		{4E3792E0-0DA3-418C-9E63-7D528CF93D6A}.Release|Any CPU.ActiveCfg = Release|iPhoneSimulator
		{4E3792E0-0DA3-418C-9E63-7D528CF93D6A}.Release|Any CPU.Build.0 = Release|iPhoneSimulator
		{4E3792E0-0DA3-418C-9E63-7D528CF93D6A}.Release|Any CPU.Deploy.0 = Release|iPhoneSimulator
		{4E3792E0-0DA3-418C-9E63-7D528CF93D6A}.Release|iPhone.ActiveCfg = Release|iPhone
		{4E3792E0-0DA3-418C-9E63-7D528CF93D6A}.Release|iPhone.Build.0 = Release|iPhone
		{4E3792E0-0DA3-418C-9E63-7D528CF93D6A}.Release|iPhone.Deploy.0 = Release|iPhone
		{4E3792E0-0DA3-418C-9E63-7D528CF93D6A}.Release|iPhoneSimulator.ActiveCfg = Release|iPhoneSimulator
		{4E3792E0-0DA3-418C-9E63-7D528CF93D6A}.Release|iPhoneSimulator.Build.0 = Release|iPhoneSimulator
		{4E3792E0-0DA3-418C-9E63-7D528CF93D6A}.Release|iPhoneSimulator.Deploy.0 = Release|iPhoneSimulator
		{EF33B176-5ABB-479F-BBF7-EE1B99618155}.Debug|Any CPU.ActiveCfg = Debug|Any CPU
		{EF33B176-5ABB-479F-BBF7-EE1B99618155}.Debug|Any CPU.Build.0 = Debug|Any CPU
		{EF33B176-5ABB-479F-BBF7-EE1B99618155}.Debug|Any CPU.Deploy.0 = Debug|Any CPU
		{EF33B176-5ABB-479F-BBF7-EE1B99618155}.Debug|iPhone.ActiveCfg = Debug|Any CPU
		{EF33B176-5ABB-479F-BBF7-EE1B99618155}.Debug|iPhone.Build.0 = Debug|Any CPU
		{EF33B176-5ABB-479F-BBF7-EE1B99618155}.Debug|iPhone.Deploy.0 = Debug|Any CPU
		{EF33B176-5ABB-479F-BBF7-EE1B99618155}.Debug|iPhoneSimulator.ActiveCfg = Debug|Any CPU
		{EF33B176-5ABB-479F-BBF7-EE1B99618155}.Debug|iPhoneSimulator.Build.0 = Debug|Any CPU
		{EF33B176-5ABB-479F-BBF7-EE1B99618155}.Debug|iPhoneSimulator.Deploy.0 = Debug|Any CPU
		{EF33B176-5ABB-479F-BBF7-EE1B99618155}.Release|Any CPU.ActiveCfg = Release|Any CPU
		{EF33B176-5ABB-479F-BBF7-EE1B99618155}.Release|Any CPU.Build.0 = Release|Any CPU
		{EF33B176-5ABB-479F-BBF7-EE1B99618155}.Release|Any CPU.Deploy.0 = Release|Any CPU
		{EF33B176-5ABB-479F-BBF7-EE1B99618155}.Release|iPhone.ActiveCfg = Release|Any CPU
		{EF33B176-5ABB-479F-BBF7-EE1B99618155}.Release|iPhone.Build.0 = Release|Any CPU
		{EF33B176-5ABB-479F-BBF7-EE1B99618155}.Release|iPhone.Deploy.0 = Release|Any CPU
		{EF33B176-5ABB-479F-BBF7-EE1B99618155}.Release|iPhoneSimulator.ActiveCfg = Release|Any CPU
		{EF33B176-5ABB-479F-BBF7-EE1B99618155}.Release|iPhoneSimulator.Build.0 = Release|Any CPU
		{EF33B176-5ABB-479F-BBF7-EE1B99618155}.Release|iPhoneSimulator.Deploy.0 = Release|Any CPU
	EndGlobalSection
	GlobalSection(SolutionProperties) = preSolution
		HideSolutionNode = FALSE
	EndGlobalSection
	GlobalSection(ExtensibilityGlobals) = postSolution
		SolutionGuid = {8C19B765-46A9-48B9-A4A6-254353388BE1}
	EndGlobalSection
EndGlobal
